<?xml version="1.0" encoding="utf-8"?>
<Project ToolsVersion="4.0" xmlns="http://schemas.microsoft.com/developer/msbuild/2003">
  <ItemGroup>
    <Filter Include="ソース ファイル">
      <UniqueIdentifier>{4FC737F1-C7A5-4376-A066-2A32D752A2FF}</UniqueIdentifier>
      <Extensions>cpp;c;cc;cxx;c++;cppm;ixx;def;odl;idl;hpj;bat;asm;asmx</Extensions>
    </Filter>
    <Filter Include="ヘッダー ファイル">
      <UniqueIdentifier>{93995380-89BD-4b04-88EB-625FBE52EBFB}</UniqueIdentifier>
      <Extensions>h;hh;hpp;hxx;h++;hm;inl;inc;ipp;xsd</Extensions>
    </Filter>
    <Filter Include="リソース ファイル">
      <UniqueIdentifier>{67DA6AB6-F800-4c08-8B7A-83BB121AAD01}</UniqueIdentifier>
      <Extensions>rc;ico;cur;bmp;dlg;rc2;rct;bin;rgs;gif;jpg;jpeg;jpe;resx;tiff;tif;png;wav;mfcribbon-ms</Extensions>
    </Filter>
    <Filter Include="ソース ファイル\Camera">
      <UniqueIdentifier>{0dcaa1bf-7cc1-4833-9ca3-87c818921255}</UniqueIdentifier>
    </Filter>
    <Filter Include="ソース ファイル\Direct3D">
      <UniqueIdentifier>{e66fa17b-d75f-4bb4-91c7-bbe53eec08f3}</UniqueIdentifier>
    </Filter>
    <Filter Include="ソース ファイル\Quad">
      <UniqueIdentifier>{06e05e20-de92-4084-802a-c50767a4d139}</UniqueIdentifier>
    </Filter>
    <Filter Include="ソース ファイル\Sprite">
      <UniqueIdentifier>{e58e7205-8fe0-4297-b4ff-e746bcd37a9b}</UniqueIdentifier>
    </Filter>
    <Filter Include="ソース ファイル\Texture">
      <UniqueIdentifier>{93dbf3e9-8d1f-4f25-b37b-3b4937034ad5}</UniqueIdentifier>
    </Filter>
    <Filter Include="ソース ファイル\Transform">
      <UniqueIdentifier>{8477c741-a4e3-4246-8857-2cd3db055f88}</UniqueIdentifier>
    </Filter>
    <Filter Include="ソース ファイル\HLSL">
      <UniqueIdentifier>{de7f1cad-1536-4b9f-b3df-5bb8aab45bd5}</UniqueIdentifier>
    </Filter>
    <Filter Include="ソース ファイル\Dice">
      <UniqueIdentifier>{5b0c5ed3-a464-4509-8da7-cb30643319be}</UniqueIdentifier>
    </Filter>
    <Filter Include="ソース ファイル\Fbx">
      <UniqueIdentifier>{e0d0d16a-45fc-4b49-92bf-4045e33f2f30}</UniqueIdentifier>
    </Filter>
    <Filter Include="ソース ファイル\Input">
      <UniqueIdentifier>{724c3064-4c3f-4a4b-a803-221f1abb6541}</UniqueIdentifier>
    </Filter>
  </ItemGroup>
  <ItemGroup>
    <ClCompile Include="main.cpp">
      <Filter>ソース ファイル</Filter>
    </ClCompile>
    <ClCompile Include="Camera.cpp">
      <Filter>ソース ファイル\Camera</Filter>
    </ClCompile>
    <ClCompile Include="Dice.cpp">
      <Filter>ソース ファイル\Dice</Filter>
    </ClCompile>
    <ClCompile Include="Direct3D.cpp">
      <Filter>ソース ファイル\Direct3D</Filter>
    </ClCompile>
    <ClCompile Include="Quad.cpp">
      <Filter>ソース ファイル\Quad</Filter>
    </ClCompile>
    <ClCompile Include="Sprite.cpp">
      <Filter>ソース ファイル\Sprite</Filter>
    </ClCompile>
    <ClCompile Include="Texture.cpp">
      <Filter>ソース ファイル\Texture</Filter>
    </ClCompile>
    <ClCompile Include="Transform.cpp">
      <Filter>ソース ファイル\Transform</Filter>
    </ClCompile>
    <ClCompile Include="Fbx.cpp">
      <Filter>ソース ファイル\Fbx</Filter>
    </ClCompile>
    <ClCompile Include="Input.cpp">
      <Filter>ソース ファイル\Input</Filter>
    </ClCompile>
  </ItemGroup>
  <ItemGroup>
    <ClInclude Include="Camera.h">
      <Filter>ソース ファイル\Camera</Filter>
    </ClInclude>
    <ClInclude Include="Dice.h">
      <Filter>ソース ファイル\Dice</Filter>
    </ClInclude>
    <ClInclude Include="Direct3D.h">
      <Filter>ソース ファイル\Direct3D</Filter>
    </ClInclude>
    <ClInclude Include="Quad.h">
      <Filter>ソース ファイル\Quad</Filter>
    </ClInclude>
    <ClInclude Include="Sprite.h">
      <Filter>ソース ファイル\Sprite</Filter>
    </ClInclude>
    <ClInclude Include="Texture.h">
      <Filter>ソース ファイル\Texture</Filter>
    </ClInclude>
    <ClInclude Include="Transform.h">
      <Filter>ソース ファイル\Transform</Filter>
    </ClInclude>
    <ClInclude Include="Fbx.h">
      <Filter>ソース ファイル\Fbx</Filter>
    </ClInclude>
    <ClInclude Include="Input.h">
      <Filter>ソース ファイル\Input</Filter>
    </ClInclude>
  </ItemGroup>
  <ItemGroup>
    <FxCompile Include="Simple2D.hlsl">
      <Filter>ソース ファイル\HLSL</Filter>
    </FxCompile>
    <FxCompile Include="Simple3D.hlsl">
      <Filter>ソース ファイル\HLSL</Filter>
    </FxCompile>
  </ItemGroup>
  <ItemGroup>
    <None Include="packages.config" />
  </ItemGroup>
</Project>